
Microsoft Visual Studio Solution File, Format Version 12.00
# Visual Studio Version 17
VisualStudioVersion = 17.5.002.0
MinimumVisualStudioVersion = 10.0.40219.1
Project("{9A19103F-16F7-4668-BE54-9A1E7A4F7556}") = "MvcMovie", "MvcMovie.csproj", "{A21F314C-A9F4-4CAE-9D1E-842B7D8A6F8A}"
EndProject
Global
	GlobalSection(SolutionConfigurationPlatforms) = preSolution
		Debug|Any CPU = Debug|Any CPU
		Release|Any CPU = Release|Any CPU
	EndGlobalSection
	GlobalSection(ProjectConfigurationPlatforms) = postSolution
		{A21F314C-A9F4-4CAE-9D1E-842B7D8A6F8A}.Debug|Any CPU.ActiveCfg = Debug|Any CPU
		{A21F314C-A9F4-4CAE-9D1E-842B7D8A6F8A}.Debug|Any CPU.Build.0 = Debug|Any CPU
		{A21F314C-A9F4-4CAE-9D1E-842B7D8A6F8A}.Release|Any CPU.ActiveCfg = Release|Any CPU
		{A21F314C-A9F4-4CAE-9D1E-842B7D8A6F8A}.Release|Any CPU.Build.0 = Release|Any CPU
	EndGlobalSection
	GlobalSection(SolutionProperties) = preSolution
		HideSolutionNode = FALSE
	EndGlobalSection
	GlobalSection(ExtensibilityGlobals) = postSolution
		SolutionGuid = {9C45CFD8-D118-493A-B5A5-274391824BA5}
	EndGlobalSection
EndGlobal
